
Microsoft Visual Studio Solution File, Format Version 12.00
# Visual Studio Version 16
VisualStudioVersion = 16.0.33423.256
MinimumVisualStudioVersion = 10.0.40219.1
Project("{FAE04EC0-301F-11D3-BF4B-00C04F79EFBC}") = "Module 8", "Module 8.csproj", "{160AC436-B705-49F0-995B-5BA40FD4B641}"
EndProject
Global
	GlobalSection(SolutionConfigurationPlatforms) = preSolution
		Debug|Any CPU = Debug|Any CPU
		Release|Any CPU = Release|Any CPU
	EndGlobalSection
	GlobalSection(ProjectConfigurationPlatforms) = postSolution
		{160AC436-B705-49F0-995B-5BA40FD4B641}.Debug|Any CPU.ActiveCfg = Debug|Any CPU
		{160AC436-B705-49F0-995B-5BA40FD4B641}.Debug|Any CPU.Build.0 = Debug|Any CPU
		{160AC436-B705-49F0-995B-5BA40FD4B641}.Release|Any CPU.ActiveCfg = Release|Any CPU
		{160AC436-B705-49F0-995B-5BA40FD4B641}.Release|Any CPU.Build.0 = Release|Any CPU
	EndGlobalSection
	GlobalSection(SolutionProperties) = preSolution
		HideSolutionNode = FALSE
	EndGlobalSection
	GlobalSection(ExtensibilityGlobals) = postSolution
		SolutionGuid = {5F4E3EE5-B6BC-446F-A2F6-87AC5BDF36F9}
	EndGlobalSection
EndGlobal
